{
  "nodes": {
    "crane": {
      "locked": {
        "lastModified": 1736566337,
        "narHash": "sha256-SC0eDcZPqISVt6R0UfGPyQLrI0+BppjjtQ3wcSlk0oI=",
        "owner": "ipetkov",
        "repo": "crane",
        "rev": "9172acc1ee6c7e1cbafc3044ff850c568c75a5a3",
        "type": "github"
      },
      "original": {
        "owner": "ipetkov",
        "repo": "crane",
        "type": "github"
      }
    },
    "flake-utils": {
      "inputs": {
        "systems": "systems"
      },
      "locked": {
        "lastModified": 1731533236,
        "narHash": "sha256-l0KFg5HjrsfsO/JpG+r7fRrqm12kzFHyUHqHCVpMMbI=",
        "owner": "numtide",
        "repo": "flake-utils",
        "rev": "11707dc2f618dd54ca8739b309ec4fc024de578b",
        "type": "github"
      },
      "original": {
        "owner": "numtide",
        "repo": "flake-utils",
        "type": "github"
      }
    },
    "nixpkgs": {
      "locked": {
        "lastModified": 1736722550,
        "narHash": "sha256-rpncbQb8WwnR7xmWe+leR8NFBJ5cfPbklfArPjITd1s=",
        "owner": "nixos",
        "repo": "nixpkgs",
        "rev": "fc6b5c7cd8158d21e0dca0e4c6701ce021712eef",
        "type": "github"
      },
      "original": {
        "owner": "nixos",
        "ref": "master",
        "repo": "nixpkgs",
        "type": "github"
      }
    },
    "root": {
      "inputs": {
        "crane": "crane",
        "flake-utils": "flake-utils",
        "nixpkgs": "nixpkgs",
        "rust-overlay": "rust-overlay"
      }
    },
    "rust-overlay": {
      "inputs": {
        "nixpkgs": [
          "nixpkgs"
        ]
      },
      "locked": {
        "lastModified": 1736700680,
        "narHash": "sha256-9gmWIb8xsycWHEYpd2SiVIAZnUULX6Y+IMMZBcDUCQU=",
        "owner": "oxalica",
        "repo": "rust-overlay",
        "rev": "5d1865c0da63b4c949f383d982b6b43519946e8f",
        "type": "github"
      },
      "original": {
        "owner": "oxalica",
        "repo": "rust-overlay",
        "type": "github"
      }
    },
    "systems": {
      "locked": {
        "lastModified": 1681028828,
        "narHash": "sha256-Vy1rq5AaRuLzOxct8nz4T6wlgyUR7zLU309k9mBC768=",
        "owner": "nix-systems",
        "repo": "default",
        "rev": "da67096a3b9bf56a91d16901293e51ba5b49a27e",
        "type": "github"
      },
      "original": {
        "owner": "nix-systems",
        "repo": "default",
        "type": "github"
      }
    }
  },
  "root": "root",
  "version": 7
}
